
Microsoft Visual Studio Solution File, Format Version 12.00
# Visual Studio Version 16
VisualStudioVersion = 16.0.30114.105
MinimumVisualStudioVersion = 10.0.40219.1
Project("{FAE04EC0-301F-11D3-BF4B-00C04F79EFBC}") = "GalloFlix", "GalloFlix\GalloFlix.csproj", "{54BB1D61-3983-436A-B5E4-87B1BD79F835}"
EndProject
Global
	GlobalSection(SolutionConfigurationPlatforms) = preSolution
		Debug|Any CPU = Debug|Any CPU
		Release|Any CPU = Release|Any CPU
	EndGlobalSection
	GlobalSection(SolutionProperties) = preSolution
		HideSolutionNode = FALSE
	EndGlobalSection
	GlobalSection(ProjectConfigurationPlatforms) = postSolution
		{54BB1D61-3983-436A-B5E4-87B1BD79F835}.Debug|Any CPU.ActiveCfg = Debug|Any CPU
		{54BB1D61-3983-436A-B5E4-87B1BD79F835}.Debug|Any CPU.Build.0 = Debug|Any CPU
		{54BB1D61-3983-436A-B5E4-87B1BD79F835}.Release|Any CPU.ActiveCfg = Release|Any CPU
		{54BB1D61-3983-436A-B5E4-87B1BD79F835}.Release|Any CPU.Build.0 = Release|Any CPU
	EndGlobalSection
EndGlobal
